
Microsoft Visual Studio Solution File, Format Version 12.00
# Visual Studio 15
VisualStudioVersion = 15.0.28010.2048
MinimumVisualStudioVersion = 10.0.40219.1
Project("{FAE04EC0-301F-11D3-BF4B-00C04F79EFBC}") = "WordsLists", "WordsLists\WordsLists.csproj", "{09EBDBD3-8A08-48CF-A6DF-15D61EA4E92E}"
EndProject
Global
	GlobalSection(SolutionConfigurationPlatforms) = preSolution
		Debug|Any CPU = Debug|Any CPU
		Release|Any CPU = Release|Any CPU
	EndGlobalSection
	GlobalSection(ProjectConfigurationPlatforms) = postSolution
		{09EBDBD3-8A08-48CF-A6DF-15D61EA4E92E}.Debug|Any CPU.ActiveCfg = Debug|Any CPU
		{09EBDBD3-8A08-48CF-A6DF-15D61EA4E92E}.Debug|Any CPU.Build.0 = Debug|Any CPU
		{09EBDBD3-8A08-48CF-A6DF-15D61EA4E92E}.Release|Any CPU.ActiveCfg = Release|Any CPU
		{09EBDBD3-8A08-48CF-A6DF-15D61EA4E92E}.Release|Any CPU.Build.0 = Release|Any CPU
	EndGlobalSection
	GlobalSection(SolutionProperties) = preSolution
		HideSolutionNode = FALSE
	EndGlobalSection
	GlobalSection(ExtensibilityGlobals) = postSolution
		SolutionGuid = {DCEDC4C0-AE77-4303-BE4F-C118E29AA0C0}
	EndGlobalSection
EndGlobal
